Microsoft Visual Studio Solution File, Format Version 12.00
# Visual Studio Version 17
VisualStudioVersion = 17.5.2.0
MinimumVisualStudioVersion = 10.0.40219.1
Project("{FAE04EC0-301F-11D3-BF4B-00C04F79EFBC}") = "NfcReaderApp", "NfcReaderApp.csproj", "{03492CDA-80AA-0117-F4FD-64CC153BE344}"
EndProject
Global
	GlobalSection(SolutionConfigurationPlatforms) = preSolution
		Debug|Any CPU = Debug|Any CPU
		Release|Any CPU = Release|Any CPU
	EndGlobalSection
	GlobalSection(ProjectConfigurationPlatforms) = postSolution
		{03492CDA-80AA-0117-F4FD-64CC153BE344}.Debug|Any CPU.ActiveCfg = Debug|Any CPU
		{03492CDA-80AA-0117-F4FD-64CC153BE344}.Debug|Any CPU.Build.0 = Debug|Any CPU
		{03492CDA-80AA-0117-F4FD-64CC153BE344}.Release|Any CPU.ActiveCfg = Release|Any CPU
		{03492CDA-80AA-0117-F4FD-64CC153BE344}.Release|Any CPU.Build.0 = Release|Any CPU
	EndGlobalSection
	GlobalSection(SolutionProperties) = preSolution
		HideSolutionNode = FALSE
	EndGlobalSection
	GlobalSection(ExtensibilityGlobals) = postSolution
		SolutionGuid = {B9DD57FB-D57E-441C-86C0-B63AB5196F70}
	EndGlobalSection
EndGlobal
